# Generated by conda-lock.
# platform: linux-aarch64
# input_hash: 3f03dc9233bbd66df3770094226b879b03fc52f7e4cb18050a415a5286bc6058
@EXPLICIT
https://conda.anaconda.org/conda-forge/linux-aarch64/ld_impl_linux-aarch64-2.44-h9df1782_2.conda#c82b1aeb48ef8d5432cbc592716464ba
https://conda.anaconda.org/conda-forge/linux-aarch64/libgomp-15.2.0-he277a41_7.conda#34cef4753287c36441f907d5fdd78d42
https://conda.anaconda.org/conda-forge/noarch/nlohmann_json-abi-3.12.0-h0f90c79_1.conda#59659d0213082bc13be8500bab80c002
https://conda.anaconda.org/conda-forge/noarch/pybind11-abi-4-hd8ed1ab_3.tar.bz2#878f923dd6acc8aeb47a75da6c4098be
https://conda.anaconda.org/conda-forge/noarch/python_abi-3.12-8_cp312.conda#c3efd25ac4d74b1584d2f7a57195ddf1
https://conda.anaconda.org/conda-forge/noarch/tzdata-2025b-h78e105d_0.conda#4222072737ccff51314b5ece9c7d6f5a
https://conda.anaconda.org/conda-forge/linux-aarch64/_openmp_mutex-4.5-2_gnu.tar.bz2#6168d71addc746e8f2b8d57dfd2edcea
https://conda.anaconda.org/conda-forge/noarch/ca-certificates-2025.10.5-hbd8a1cb_0.conda#f9e5fbc24009179e8b0409624691758a
https://conda.anaconda.org/conda-forge/linux-aarch64/libgcc-15.2.0-he277a41_7.conda#afa05d91f8d57dd30985827a09c21464
https://conda.anaconda.org/conda-forge/linux-aarch64/bzip2-1.0.8-h4777abc_8.conda#2921ac0b541bf37c69e66bd6d9a43bca
https://conda.anaconda.org/conda-forge/linux-aarch64/c-ares-1.34.5-h86ecc28_0.conda#5deaa903d46d62a1f8077ad359c3062e
https://conda.anaconda.org/conda-forge/linux-aarch64/keyutils-1.6.3-h86ecc28_0.conda#e7df0aab10b9cbb73ab2a467ebfaf8c7
https://conda.anaconda.org/conda-forge/linux-aarch64/libexpat-2.7.1-hfae3067_0.conda#f75d19f3755461db2eb69401f5514f4c
https://conda.anaconda.org/conda-forge/linux-aarch64/libffi-3.4.6-he21f813_1.conda#15a131f30cae36e9a655ca81fee9a285
https://conda.anaconda.org/conda-forge/linux-aarch64/libgcc-ng-15.2.0-he9431aa_7.conda#a5ce1f0a32f02c75c11580c5b2f9258a
https://conda.anaconda.org/conda-forge/linux-aarch64/libiconv-1.18-h90929bb_2.conda#5a86bf847b9b926f3a4f203339748d78
https://conda.anaconda.org/conda-forge/linux-aarch64/liblzma-5.8.1-h86ecc28_2.conda#7d362346a479256857ab338588190da0
https://conda.anaconda.org/conda-forge/linux-aarch64/libnsl-2.0.1-h86ecc28_1.conda#d5d58b2dc3e57073fe22303f5fed4db7
https://conda.anaconda.org/conda-forge/linux-aarch64/libstdcxx-15.2.0-h3f4de04_7.conda#6a2f0ee17851251a85fbebafbe707d2d
https://conda.anaconda.org/conda-forge/linux-aarch64/libuuid-2.41.2-h3e4203c_0.conda#3a68e44fdf2a2811672520fdd62996bd
https://conda.anaconda.org/conda-forge/linux-aarch64/libzlib-1.3.1-h86ecc28_2.conda#08aad7cbe9f5a6b460d0976076b6ae64
https://conda.anaconda.org/conda-forge/linux-aarch64/lzo-2.10-h80f16a2_1002.conda#97af2e332449dd9e92ad7db93b02e918
https://conda.anaconda.org/conda-forge/linux-aarch64/ncurses-6.5-ha32ae93_3.conda#182afabe009dc78d8b73100255ee6868
https://conda.anaconda.org/conda-forge/linux-aarch64/openssl-3.5.4-h8e36d6e_0.conda#9303e8887afe539f78517951ce25cd13
https://conda.anaconda.org/conda-forge/linux-aarch64/reproc-14.2.5.post0-h86ecc28_0.conda#70b14ba118c2c19b240a39577b3e607a
https://conda.anaconda.org/conda-forge/linux-aarch64/cpp-expected-1.3.1-hdc560ac_0.conda#13f0be21fdd39114c28501ac21f0dd00
https://conda.anaconda.org/conda-forge/linux-aarch64/fmt-11.2.0-h97e1849_0.conda#3fc63892ea4acd46f652f8cf489007f9
https://conda.anaconda.org/conda-forge/linux-aarch64/libedit-3.1.20250104-pl5321h976ea20_0.conda#fb640d776fc92b682a14e001980825b1
https://conda.anaconda.org/conda-forge/linux-aarch64/libev-4.33-h31becfc_2.conda#a9a13cb143bbaa477b1ebaefbe47a302
https://conda.anaconda.org/conda-forge/linux-aarch64/libsolv-0.7.35-hdda61c4_0.conda#3e817cbcc10f018c547a1b4885094b15
https://conda.anaconda.org/conda-forge/linux-aarch64/libsqlite-3.50.4-h022381a_0.conda#0ad1b73a3df7e3376c14efe6dabe6987
https://conda.anaconda.org/conda-forge/linux-aarch64/libssh2-1.11.1-h18c354c_0.conda#eecc495bcfdd9da8058969656f916cc2
https://conda.anaconda.org/conda-forge/linux-aarch64/libstdcxx-ng-15.2.0-hf1166c9_7.conda#9e5deec886ad32f3c6791b3b75c78681
https://conda.anaconda.org/conda-forge/linux-aarch64/libxcrypt-4.4.36-h31becfc_1.conda#b4df5d7d4b63579d081fd3a4cf99740e
https://conda.anaconda.org/conda-forge/linux-aarch64/lz4-c-1.10.0-h5ad3122_1.conda#6654e411da94011e8fbe004eacb8fe11
https://conda.anaconda.org/conda-forge/linux-aarch64/readline-8.2-h8382b9d_2.conda#c0f08fc2737967edde1a272d4bf41ed9
https://conda.anaconda.org/conda-forge/linux-aarch64/reproc-cpp-14.2.5.post0-h5ad3122_0.conda#fde98968589573ad478b504642319105
https://conda.anaconda.org/conda-forge/linux-aarch64/simdjson-4.0.7-hfefdfc9_0.conda#34b3f18406410c7fa4a245fc350851bf
https://conda.anaconda.org/conda-forge/linux-aarch64/tk-8.6.13-noxft_h5688188_102.conda#2562c9bfd1de3f9c590f0fe53858d85c
https://conda.anaconda.org/conda-forge/linux-aarch64/yaml-cpp-0.8.0-h5ad3122_0.conda#b9e5a9da5729019c4f216cf0d386a70c
https://conda.anaconda.org/conda-forge/linux-aarch64/zstd-1.5.7-hbcf94c1_2.conda#5be90c5a3e4b43c53e38f50a85e11527
https://conda.anaconda.org/conda-forge/linux-aarch64/icu-75.1-hf9b3779_0.conda#268203e8b983fddb6412b36f2024e75c
https://conda.anaconda.org/conda-forge/linux-aarch64/krb5-1.21.3-h50a48e9_0.conda#29c10432a2ca1472b53f299ffb2ffa37
https://conda.anaconda.org/conda-forge/linux-aarch64/libnghttp2-1.67.0-ha888d0e_0.conda#981082c1cc262f514a5a2cf37cab9b81
https://conda.anaconda.org/conda-forge/linux-aarch64/python-3.12.12-hcfbf8c2_0_cpython.conda#08c82423fa3c2153c34f54505a2897c9
https://conda.anaconda.org/conda-forge/noarch/archspec-0.2.5-pyhd8ed1ab_0.conda#845b38297fca2f2d18a29748e2ece7fa
https://conda.anaconda.org/conda-forge/noarch/boltons-25.0.0-pyhd8ed1ab_0.conda#c7eb87af73750d6fd97eff8bbee8cb9c
https://conda.anaconda.org/conda-forge/linux-aarch64/brotli-python-1.1.0-py312h1ab2c47_4.conda#53b2f879d6c80546213803f756ddedab
https://conda.anaconda.org/conda-forge/noarch/certifi-2025.10.5-pyhd8ed1ab_0.conda#257ae203f1d204107ba389607d375ded
https://conda.anaconda.org/conda-forge/noarch/charset-normalizer-3.4.4-pyhd8ed1ab_0.conda#a22d1fd9bf98827e280a02875d9a007a
https://conda.anaconda.org/conda-forge/noarch/colorama-0.4.6-pyhd8ed1ab_1.conda#962b9857ee8e7018c22f2776ffa0b2d7
https://conda.anaconda.org/conda-forge/noarch/distro-1.9.0-pyhd8ed1ab_1.conda#0a2014fd9860f8b1eaa0b1f3d3771a08
https://conda.anaconda.org/conda-forge/linux-aarch64/frozendict-2.4.6-py312hcd1a082_1.conda#41d689dbe3d94428572928ca51d505c2
https://conda.anaconda.org/conda-forge/noarch/hpack-4.1.0-pyhd8ed1ab_0.conda#0a802cb9888dd14eeefc611f05c40b6e
https://conda.anaconda.org/conda-forge/noarch/hyperframe-6.1.0-pyhd8ed1ab_0.conda#8e6923fc12f1fe8f8c4e5c9f343256ac
https://conda.anaconda.org/conda-forge/noarch/idna-3.11-pyhd8ed1ab_0.conda#53abe63df7e10a6ba605dc5f9f961d36
https://conda.anaconda.org/conda-forge/linux-aarch64/jsonpointer-3.0.0-py312h996f985_2.conda#46075b80a4b1295bffdeb9dd1f43b1c5
https://conda.anaconda.org/conda-forge/linux-aarch64/libcurl-8.14.1-h6702fde_0.conda#1d92dbf43358f0774dc91764fa77a9f5
https://conda.anaconda.org/conda-forge/linux-aarch64/libxml2-16-2.15.0-h8591a01_1.conda#b5362dcb49ca99f8a2c4b5541c4f5916
https://conda.anaconda.org/conda-forge/linux-aarch64/menuinst-2.4.0-py312h996f985_0.conda#a5dc57d268b5a8fdb25eb23574570c4e
https://conda.anaconda.org/conda-forge/noarch/packaging-25.0-pyh29332c3_1.conda#58335b26c38bf4a20f399384c33cbcf9
https://conda.anaconda.org/conda-forge/noarch/platformdirs-4.5.0-pyhcf101f3_0.conda#5c7a868f8241e64e1cf5fdf4962f23e2
https://conda.anaconda.org/conda-forge/noarch/pluggy-1.6.0-pyhd8ed1ab_0.conda#7da7ccd349dbf6487a7778579d2bb971
https://conda.anaconda.org/conda-forge/linux-aarch64/pycosat-0.6.6-py312hcd1a082_3.conda#34ca5539bd71cca41c910429ab90f2df
https://conda.anaconda.org/conda-forge/noarch/pycparser-2.22-pyh29332c3_1.conda#12c566707c80111f9799308d9e265aef
https://conda.anaconda.org/conda-forge/noarch/pysocks-1.7.1-pyha55dd90_7.conda#461219d1a5bd61342293efa2c0c90eac
https://conda.anaconda.org/conda-forge/linux-aarch64/ruamel.yaml.clib-0.2.12-py312hcd1a082_1.conda#55cb9caad0221c6f095e8d5ec74a21eb
https://conda.anaconda.org/conda-forge/noarch/setuptools-80.9.0-pyhff2d567_0.conda#4de79c071274a53dcaf2a8c749d1499e
https://conda.anaconda.org/conda-forge/noarch/truststore-0.10.3-pyhe01879c_0.conda#15afca3bec34c3ecbeb2028f81a51772
https://conda.anaconda.org/conda-forge/noarch/wheel-0.45.1-pyhd8ed1ab_1.conda#75cb7132eb58d97896e173ef12ac9986
https://conda.anaconda.org/conda-forge/linux-aarch64/cffi-2.0.0-py312h2fc7fbd_0.conda#b1e3867af2555753272e3d53798147bb
https://conda.anaconda.org/conda-forge/noarch/h2-4.3.0-pyhcf101f3_0.conda#164fc43f0b53b6e3a7bc7dce5e4f1dc9
https://conda.anaconda.org/conda-forge/noarch/jsonpatch-1.33-pyhd8ed1ab_1.conda#cb60ae9cf02b9fcb8004dec4089e5691
https://conda.anaconda.org/conda-forge/linux-aarch64/libxml2-2.15.0-h788dabe_1.conda#a15ed0753e344904aae1ec99b8e689df
https://conda.anaconda.org/conda-forge/noarch/pip-25.2-pyh8b19718_0.conda#dfce4b2af4bfe90cdcaf56ca0b28ddf5
https://conda.anaconda.org/conda-forge/linux-aarch64/ruamel.yaml-0.18.15-py312hcd1a082_1.conda#1491f232d64c9f3a4a522eaba75164e8
https://conda.anaconda.org/conda-forge/noarch/tqdm-4.67.1-pyhd8ed1ab_1.conda#9efbfdc37242619130ea42b1cc4ed861
https://conda.anaconda.org/conda-forge/linux-aarch64/libarchive-3.8.1-gpl_hd746d8a_101.conda#7a1dd580a224051f734074a4c14ddb35
https://conda.anaconda.org/conda-forge/linux-aarch64/zstandard-0.25.0-py312hd41f8a7_0.conda#74aa2fbcdcbb153dc324cd09e437b63e
https://conda.anaconda.org/conda-forge/noarch/conda-package-streaming-0.12.0-pyhd8ed1ab_0.conda#ff75d06af779966a5aeae1be1d409b96
https://conda.anaconda.org/conda-forge/linux-aarch64/libmamba-2.3.2-he37af86_2.conda#132e73a0c4059f5ae1609380bdd2683f
https://conda.anaconda.org/conda-forge/noarch/urllib3-2.5.0-pyhd8ed1ab_0.conda#436c165519e140cb08d246a4472a9d6a
https://conda.anaconda.org/conda-forge/linux-aarch64/libmambapy-2.3.2-py312h695770a_2.conda#3b79972161e9358403d543f66b9effef
https://conda.anaconda.org/conda-forge/noarch/requests-2.32.5-pyhd8ed1ab_0.conda#db0c6b99149880c8ba515cf4abe93ee4
https://conda.anaconda.org/conda-forge/noarch/conda-package-handling-2.4.0-pyh7900ff3_2.conda#32c158f481b4fd7630c565030f7bc482
https://conda.anaconda.org/conda-forge/linux-aarch64/conda-25.9.1-py312h996f985_0.conda#5180dc9382d8c19f262dba09543a5d7d
https://conda.anaconda.org/conda-forge/noarch/conda-libmamba-solver-25.4.0-pyhd8ed1ab_0.conda#d62b8f745ff471d5594ad73605cb9b59
# pip annotated-types @ https://files.pythonhosted.org/packages/78/b6/6307fbef88d9b5ee7421e68d78a9f162e0da4900bc5f5793f6d3d0e34fb8/annotated_types-0.7.0-py3-none-any.whl#sha256=1f02e8b43a8fbbc3f3e0d4f0f4bfc8131bcb4eebe8849b8e5c773f3a1c582a53
# pip asttokens @ https://files.pythonhosted.org/packages/25/8a/c46dcc25341b5bce5472c718902eb3d38600a903b14fa6aeecef3f21a46f/asttokens-3.0.0-py3-none-any.whl#sha256=e3078351a059199dd5138cb1c706e6430c05eff2ff136af5eb4790f9d28932e2
# pip async-lru @ https://files.pythonhosted.org/packages/03/49/d10027df9fce941cb8184e78a02857af36360d33e1721df81c5ed2179a1a/async_lru-2.0.5-py3-none-any.whl#sha256=ab95404d8d2605310d345932697371a5f40def0487c03d6d0ad9138de52c9943
# pip attrs @ https://files.pythonhosted.org/packages/3a/2a/7cc015f5b9f5db42b7d48157e23356022889fc354a2813c15934b7cb5c0e/attrs-25.4.0-py3-none-any.whl#sha256=adcf7e2a1fb3b36ac48d97835bb6d8ade15b8dcce26aba8bf1d14847b57a3373
# pip babel @ https://files.pythonhosted.org/packages/b7/b8/3fe70c75fe32afc4bb507f75563d39bc5642255d1d94f1f23604725780bf/babel-2.17.0-py3-none-any.whl#sha256=4d0b53093fdfb4b21c92b5213dba5a1b23885afa8383709427046b21c366e5f2
# pip backoff @ https://files.pythonhosted.org/packages/f0/32/c5dd4f4b0746e9ec05ace2a5045c1fc375ae67ee94355344ad6c7005fd87/backoff-1.10.0-py2.py3-none-any.whl#sha256=5e73e2cbe780e1915a204799dba0a01896f45f4385e636bcca7a0614d879d0cd
# pip blinker @ https://files.pythonhosted.org/packages/10/cb/f2ad4230dc2eb1a74edf38f1a38b9b52277f75bef262d8908e60d957e13c/blinker-1.9.0-py3-none-any.whl#sha256=ba0efaa9080b619ff2f3459d1d500c57bddea4a6b424b60a91141db6fd2f08bc
# pip cachetools @ https://files.pythonhosted.org/packages/96/c5/1e741d26306c42e2bf6ab740b2202872727e0f606033c9dd713f8b93f5a8/cachetools-6.2.1-py3-none-any.whl#sha256=09868944b6dde876dfd44e1d47e18484541eaf12f26f29b7af91b26cc892d701
# pip chardet @ https://files.pythonhosted.org/packages/38/6f/f5fbc992a329ee4e0f288c1fe0e2ad9485ed064cac731ed2fe47dcc38cbf/chardet-5.2.0-py3-none-any.whl#sha256=e1cf59446890a00105fe7b7912492ea04b6e6f06d4b742b2c788469e34c82970
# pip click @ https://files.pythonhosted.org/packages/db/d3/9dcc0f5797f070ec8edf30fbadfb200e71d9db6b84d211e3b2085a7589a0/click-8.3.0-py3-none-any.whl#sha256=9b9f285302c6e3064f4330c05f05b81945b2a39544279343e6e7c5f27a9baddc
# pip comm @ https://files.pythonhosted.org/packages/60/97/891a0971e1e4a8c5d2b20bbe0e524dc04548d2307fee33cdeba148fd4fc7/comm-0.2.3-py3-none-any.whl#sha256=c615d91d75f7f04f095b30d1c1711babd43bdc6419c1be9886a85f2f4e489417
# pip cycler @ https://files.pythonhosted.org/packages/e7/05/c19819d5e3d95294a6f5947fb9b9629efb316b96de511b418c53d245aae6/cycler-0.12.1-py3-none-any.whl#sha256=85cef7cff222d8644161529808465972e51340599459b8ac3ccbac5a854e0d30
# pip debugpy @ https://files.pythonhosted.org/packages/b0/d0/89247ec250369fc76db477720a26b2fce7ba079ff1380e4ab4529d2fe233/debugpy-1.8.17-py2.py3-none-any.whl#sha256=60c7dca6571efe660ccb7a9508d73ca14b8796c4ed484c2002abba714226cfef
# pip decorator @ https://files.pythonhosted.org/packages/4e/8c/f3147f5c4b73e7550fe5f9352eaa956ae838d5c51eb58e7a25b9f3e2643b/decorator-5.2.1-py3-none-any.whl#sha256=d316bb415a2d9e2d2b3abcc4084c6502fc09240e292cd76a76afc106a1c8e04a
# pip defusedxml @ https://files.pythonhosted.org/packages/07/6c/aa3f2f849e01cb6a001cd8554a88d4c77c5c1a31c95bdf1cf9301e6d9ef4/defusedxml-0.7.1-py2.py3-none-any.whl#sha256=a352e7e428770286cc899e2542b6cdaedb2b4953ff269a210103ec58f6198a61
# pip docopt @ https://files.pythonhosted.org/packages/a2/55/8f8cab2afd404cf578136ef2cc5dfb50baa1761b68c9da1fb1e4eed343c9/docopt-0.6.2.tar.gz#sha256=49b3a825280bd66b3aa83585ef59c4a8c82f2c8a522dbe754a8bc8d08c85c491
# pip docstring-parser @ https://files.pythonhosted.org/packages/55/e2/2537ebcff11c1ee1ff17d8d0b6f4db75873e3b0fb32c2d4a2ee31ecb310a/docstring_parser-0.17.0-py3-none-any.whl#sha256=cf2569abd23dce8099b300f9b4fa8191e9582dda731fd533daf54c4551658708
# pip et-xmlfile @ https://files.pythonhosted.org/packages/c1/8b/5fe2cc11fee489817272089c4203e679c63b570a5aaeb18d852ae3cbba6a/et_xmlfile-2.0.0-py3-none-any.whl#sha256=7a91720bc756843502c3b7504c77b8fe44217c85c537d85037f0f536151b2caa
# pip executing @ https://files.pythonhosted.org/packages/c1/ea/53f2148663b321f21b5a606bd5f191517cf40b7072c0497d3c92c4a13b1e/executing-2.2.1-py2.py3-none-any.whl#sha256=760643d3452b4d777d295bb167ccc74c64a81df23fb5e08eff250c425a4b2017
# pip fastjsonschema @ https://files.pythonhosted.org/packages/cb/a8/20d0723294217e47de6d9e2e40fd4a9d2f7c4b6ef974babd482a59743694/fastjsonschema-2.21.2-py3-none-any.whl#sha256=1c797122d0a86c5cace2e54bf4e819c36223b552017172f32c5c024a6b77e463
# pip fonttools @ https://files.pythonhosted.org/packages/b8/9f/2cb82999f686c1d1ddf06f6ae1a9117a880adbec113611cc9d22b2fdd465/fonttools-4.60.1-cp312-cp312-manylinux2014_aarch64.manylinux_2_17_aarch64.manylinux_2_28_aarch64.whl#sha256=996a4d1834524adbb423385d5a629b868ef9d774670856c63c9a0408a3063401
# pip fqdn @ https://files.pythonhosted.org/packages/cf/58/8acf1b3e91c58313ce5cb67df61001fc9dcd21be4fadb76c1a2d540e09ed/fqdn-1.5.1-py3-none-any.whl#sha256=3a179af3761e4df6eb2e026ff9e1a3033d3587bf980a0b1b2e1e5d08d7358014
# pip greenlet @ https://files.pythonhosted.org/packages/46/e9/d2a80c99f19a153eff70bc451ab78615583b8dac0754cfb942223d2c1a0d/greenlet-3.2.4-cp312-cp312-manylinux2014_aarch64.manylinux_2_17_aarch64.whl#sha256=ddf9164e7a5b08e9d22511526865780a576f19ddd00d62f8a665949327fde8bb
# pip h11 @ https://files.pythonhosted.org/packages/04/4b/29cac41a4d98d144bf5f6d33995617b185d14b22401f75ca86f384e87ff1/h11-0.16.0-py3-none-any.whl#sha256=63cf8bbe7522de3bf65932fda1d9c2772064ffb3dae62d55932da54b31cb6c86
# pip jiter @ https://files.pythonhosted.org/packages/92/94/7a2e905f40ad2d6d660e00b68d818f9e29fb87ffe82774f06191e93cbe4a/jiter-0.11.0-cp312-cp312-manylinux_2_17_aarch64.manylinux2014_aarch64.whl#sha256=c0a7f0ec81d5b7588c5cade1eb1925b91436ae6726dc2df2348524aeabad5de6
# pip json5 @ https://files.pythonhosted.org/packages/85/e2/05328bd2621be49a6fed9e3030b1e51a2d04537d3f816d211b9cc53c5262/json5-0.12.1-py3-none-any.whl#sha256=d9c9b3bc34a5f54d43c35e11ef7cb87d8bdd098c6ace87117a7b7e83e705c1d5
# pip jupyterlab-pygments @ https://files.pythonhosted.org/packages/b1/dd/ead9d8ea85bf202d90cc513b533f9c363121c7792674f78e0d8a854b63b4/jupyterlab_pygments-0.3.0-py3-none-any.whl#sha256=841a89020971da1d8693f1a99997aefc5dc424bb1b251fd6322462a1b8842780
# pip jupyterlab-widgets @ https://files.pythonhosted.org/packages/43/6a/ca128561b22b60bd5a0c4ea26649e68c8556b82bc70a0c396eebc977fe86/jupyterlab_widgets-3.0.15-py3-none-any.whl#sha256=d59023d7d7ef71400d51e6fee9a88867f6e65e10a4201605d2d7f3e8f012a31c
# pip kiwisolver @ https://files.pythonhosted.org/packages/12/42/f36816eaf465220f683fb711efdd1bbf7a7005a2473d0e4ed421389bd26c/kiwisolver-1.4.9-cp312-cp312-manylinux_2_24_aarch64.manylinux_2_28_aarch64.whl#sha256=67bb8b474b4181770f926f7b7d2f8c0248cbcb78b660fdd41a47054b28d2a752
# pip lark @ https://files.pythonhosted.org/packages/a8/3e/1c6b43277de64fc3c0333b0e72ab7b52ddaaea205210d60d9b9f83c3d0c7/lark-1.3.0-py3-none-any.whl#sha256=80661f261fb2584a9828a097a2432efd575af27d20be0fd35d17f0fe37253831
# pip markupsafe @ https://files.pythonhosted.org/packages/1e/2c/799f4742efc39633a1b54a92eec4082e4f815314869865d876824c257c1e/markupsafe-3.0.3-cp312-cp312-manylinux2014_aarch64.manylinux_2_17_aarch64.manylinux_2_28_aarch64.whl#sha256=3a7e8ae81ae39e62a41ec302f972ba6ae23a5c5396c8e60113e9066ef893da0d
# pip mistune @ https://files.pythonhosted.org/packages/7a/f0/8282d9641415e9e33df173516226b404d367a0fc55e1a60424a152913abc/mistune-3.1.4-py3-none-any.whl#sha256=93691da911e5d9d2e23bc54472892aff676df27a75274962ff9edc210364266d
# pip monotonic @ https://files.pythonhosted.org/packages/9a/67/7e8406a29b6c45be7af7740456f7f37025f0506ae2e05fb9009a53946860/monotonic-1.6-py2.py3-none-any.whl#sha256=68687e19a14f11f26d140dd5c86f3dba4bf5df58003000ed467e0e2a69bca96c
# pip narwhals @ https://files.pythonhosted.org/packages/1d/86/ac808ecb94322a3f1ea31627d13ab3e50dd4333564d711e0e481ad0f4586/narwhals-2.8.0-py3-none-any.whl#sha256=6304856676ba4a79fd34148bda63aed8060dd6edb1227edf3659ce5e091de73c
# pip nest-asyncio @ https://files.pythonhosted.org/packages/a0/c4/c2971a3ba4c6103a3d10c4b0f24f461ddc027f0f09763220cf35ca1401b3/nest_asyncio-1.6.0-py3-none-any.whl#sha256=87af6efd6b5e897c81050477ef65c62e2b2f35d51703cae01aff2905b1852e1c
# pip numpy @ https://files.pythonhosted.org/packages/5e/da/1a429ae58b3b6c364eeec93bf044c532f2ff7b48a52e41050896cf15d5b1/numpy-2.1.3-cp312-cp312-manylinux_2_17_aarch64.manylinux2014_aarch64.whl#sha256=8637dcd2caa676e475503d1f8fdb327bc495554e10838019651b76d17b98e512
# pip pandocfilters @ https://files.pythonhosted.org/packages/ef/af/4fbc8cab944db5d21b7e2a5b8e9211a03a79852b1157e2c102fcc61ac440/pandocfilters-1.5.1-py2.py3-none-any.whl#sha256=93be382804a9cdb0a7267585f157e5d1731bbe5545a85b268d6f5fe6232de2bc
# pip parso @ https://files.pythonhosted.org/packages/16/32/f8e3c85d1d5250232a5d3477a2a28cc291968ff175caeadaf3cc19ce0e4a/parso-0.8.5-py2.py3-none-any.whl#sha256=646204b5ee239c396d040b90f9e272e9a8017c630092bf59980beb62fd033887
# pip pillow @ https://files.pythonhosted.org/packages/41/f1/6f2427a26fc683e00d985bc391bdd76d8dd4e92fac33d841127eb8fb2313/pillow-11.3.0-cp312-cp312-manylinux_2_27_aarch64.manylinux_2_28_aarch64.whl#sha256=97f07ed9f56a3b9b5f49d3661dc9607484e85c67e27f3e8be2c7d28ca032fec7
# pip prometheus-client @ https://files.pythonhosted.org/packages/b8/db/14bafcb4af2139e046d03fd00dea7873e48eafe18b7d2797e73d6681f210/prometheus_client-0.23.1-py3-none-any.whl#sha256=dd1913e6e76b59cfe44e7a4b83e01afc9873c1bdfd2ed8739f1e76aeca115f99
# pip protobuf @ https://files.pythonhosted.org/packages/10/35/16d31e0f92c6d2f0e77c2a3ba93185130ea13053dd16200a57434c882f2b/protobuf-6.33.0-cp39-abi3-manylinux2014_aarch64.whl#sha256=e0697ece353e6239b90ee43a9231318302ad8353c70e6e45499fa52396debf90
# pip psutil @ https://files.pythonhosted.org/packages/f4/58/c4f976234bf6d4737bc8c02a81192f045c307b72cf39c9e5c5a2d78927f6/psutil-7.1.0-cp36-abi3-manylinux_2_17_aarch64.manylinux2014_aarch64.whl#sha256=7d4a113425c037300de3ac8b331637293da9be9713855c4fc9d2d97436d7259d
# pip ptyprocess @ https://files.pythonhosted.org/packages/22/a6/858897256d0deac81a172289110f31629fc4cee19b6f01283303e18c8db3/ptyprocess-0.7.0-py2.py3-none-any.whl#sha256=4b41f3967fce3af57cc7e94b888626c18bf37a083e3651ca8feeb66d492fef35
# pip pure-eval @ https://files.pythonhosted.org/packages/8e/37/efad0257dc6e593a18957422533ff0f87ede7c9c6ea010a2177d738fb82f/pure_eval-0.2.3-py3-none-any.whl#sha256=1db8e35b67b3d218d818ae653e27f06c3aa420901fa7b081ca98cbedc874e0d0
# pip pyarrow @ https://files.pythonhosted.org/packages/4f/74/2a2d9f8d7a59b639523454bec12dba35ae3d0a07d8ab529dc0809f74b23c/pyarrow-21.0.0-cp312-cp312-manylinux_2_28_aarch64.whl#sha256=e72a8ec6b868e258a2cd2672d91f2860ad532d590ce94cdf7d5e7ec674ccf03d
# pip pyasn1 @ https://files.pythonhosted.org/packages/c8/f1/d6a797abb14f6283c0ddff96bbdd46937f64122b8c925cab503dd37f8214/pyasn1-0.6.1-py3-none-any.whl#sha256=0d632f46f2ba09143da3a8afe9e33fb6f92fa2320ab7e886e2d0f7672af84629
# pip pygments @ https://files.pythonhosted.org/packages/c7/21/705964c7812476f378728bdf590ca4b771ec72385c533964653c68e86bdc/pygments-2.19.2-py3-none-any.whl#sha256=86540386c03d588bb81d44bc3928634ff26449851e99741617ecb9037ee5ec0b
# pip pyparsing @ https://files.pythonhosted.org/packages/10/5e/1aa9a93198c6b64513c9d7752de7422c06402de6600a8767da1524f9570b/pyparsing-3.2.5-py3-none-any.whl#sha256=e38a4f02064cf41fe6593d328d0512495ad1f3d8a91c4f73fc401b3079a59a5e
# pip python-json-logger @ https://files.pythonhosted.org/packages/51/e5/fecf13f06e5e5f67e8837d777d1bc43fac0ed2b77a676804df5c34744727/python_json_logger-4.0.0-py3-none-any.whl#sha256=af09c9daf6a813aa4cc7180395f50f2a9e5fa056034c9953aec92e381c5ba1e2
# pip pytz @ https://files.pythonhosted.org/packages/81/c4/34e93fe5f5429d7570ec1fa436f1986fb1f00c3e0f43a589fe2bbcd22c3f/pytz-2025.2-py2.py3-none-any.whl#sha256=5ddf76296dd8c44c26eb8f4b6f35488f3ccbf6fbbd7adee0b7262d43f0ec2f00
# pip pyyaml @ https://files.pythonhosted.org/packages/ed/23/7a778b6bd0b9a8039df8b1b1d80e2e2ad78aa04171592c8a5c43a56a6af4/pyyaml-6.0.3-cp312-cp312-manylinux2014_aarch64.manylinux_2_17_aarch64.manylinux_2_28_aarch64.whl#sha256=9149cad251584d5fb4981be1ecde53a1ca46c891a79788c0df828d2f166bda28
# pip rfc3986-validator @ https://files.pythonhosted.org/packages/9e/51/17023c0f8f1869d8806b979a2bffa3f861f26a3f1a66b094288323fba52f/rfc3986_validator-0.1.1-py2.py3-none-any.whl#sha256=2f235c432ef459970b4306369336b9d5dbdda31b510ca1e327636e01f528bfa9
# pip rpds-py @ https://files.pythonhosted.org/packages/6f/0e/e650e1b81922847a09cca820237b0edee69416a01268b7754d506ade11ad/rpds_py-0.27.1-cp312-cp312-manylinux_2_17_aarch64.manylinux2014_aarch64.whl#sha256=16323f674c089b0360674a4abd28d5042947d54ba620f72514d69be4ff64845e
# pip send2trash @ https://files.pythonhosted.org/packages/40/b0/4562db6223154aa4e22f939003cb92514c79f3d4dccca3444253fd17f902/Send2Trash-1.8.3-py3-none-any.whl#sha256=0c31227e0bd08961c7665474a3d1ef7193929fedda4233843689baa056be46c9
# pip six @ https://files.pythonhosted.org/packages/b7/ce/149a00dd41f10bc29e5921b496af8b574d8413afcd5e30dfa0ed46c2cc5e/six-1.17.0-py2.py3-none-any.whl#sha256=4721f391ed90541fddacab5acf947aa0d3dc7d27b2e1e8eda2be8970586c3274
# pip smmap @ https://files.pythonhosted.org/packages/04/be/d09147ad1ec7934636ad912901c5fd7667e1c858e19d355237db0d0cd5e4/smmap-5.0.2-py3-none-any.whl#sha256=b30115f0def7d7531d22a0fb6502488d879e75b260a9db4d0819cfb25403af5e
# pip sniffio @ https://files.pythonhosted.org/packages/e9/44/75a9c9421471a6c4805dbf2356f7c181a29c1879239abab1ea2cc8f38b40/sniffio-1.3.1-py3-none-any.whl#sha256=2f6da418d1f1e0fddd844478f41680e794e6051915791a034ff65e5f100525a2
# pip soupsieve @ https://files.pythonhosted.org/packages/14/a0/bb38d3b76b8cae341dad93a2dd83ab7462e6dbcdd84d43f54ee60a8dc167/soupsieve-2.8-py3-none-any.whl#sha256=0cc76456a30e20f5d7f2e14a98a4ae2ee4e5abdc7c5ea0aafe795f344bc7984c
# pip tenacity @ https://files.pythonhosted.org/packages/e5/30/643397144bfbfec6f6ef821f36f33e57d35946c44a2352d3c9f0ae847619/tenacity-9.1.2-py3-none-any.whl#sha256=f77bf36710d8b73a50b2dd155c97b870017ad21afe6ab300326b0371b3b05138
# pip toml @ https://files.pythonhosted.org/packages/44/6f/7120676b6d73228c96e17f1f794d8ab046fc910d781c8d151120c3f1569e/toml-0.10.2-py2.py3-none-any.whl#sha256=806143ae5bfb6a3c6e736a764057db0e6a0e05e338b5630894a5f779cabb4f9b
# pip tornado @ https://files.pythonhosted.org/packages/1b/4e/619174f52b120efcf23633c817fd3fed867c30bff785e2cd5a53a70e483c/tornado-6.5.2-cp39-abi3-manylinux_2_17_aarch64.manylinux2014_aarch64.whl#sha256=b0fe179f28d597deab2842b86ed4060deec7388f1fd9c1b4a41adf8af058907e
# pip traitlets @ https://files.pythonhosted.org/packages/00/c0/8f5d070730d7836adc9c9b6408dec68c6ced86b304a9b26a14df072a6e8c/traitlets-5.14.3-py3-none-any.whl#sha256=b74e89e397b1ed28cc831db7aea759ba6640cb3de13090ca145426688ff1ac4f
# pip types-python-dateutil @ https://files.pythonhosted.org/packages/da/af/5d24b8d49ef358468ecfdff5c556adf37f4fd28e336b96f923661a808329/types_python_dateutil-2.9.0.20251008-py3-none-any.whl#sha256=b9a5232c8921cf7661b29c163ccc56055c418ab2c6eabe8f917cbcc73a4c4157
# pip typing-extensions @ https://files.pythonhosted.org/packages/18/67/36e9267722cc04a6b9f15c7f3441c2363321a3ea07da7ae0c0707beb2a9c/typing_extensions-4.15.0-py3-none-any.whl#sha256=f0fa19c6845758ab08074a0cfa8b7aecb71c999ca73d62883bc25cc018c4e548
# pip tzdata @ https://files.pythonhosted.org/packages/5c/23/c7abc0ca0a1526a0774eca151daeb8de62ec457e77262b66b359c3c7679e/tzdata-2025.2-py2.py3-none-any.whl#sha256=1a403fada01ff9221ca8044d701868fa132215d84beb92242d9acd2147f667a8
# pip unidiff @ https://files.pythonhosted.org/packages/8a/54/57c411a6e8f7bd7848c8b66e4dcaffa586bf4c02e63f2280db0327a4e6eb/unidiff-0.7.5-py2.py3-none-any.whl#sha256=c93bf2265cc1ba2a520e415ab05da587370bc2a3ae9e0414329f54f0c2fc09e8
# pip uri-template @ https://files.pythonhosted.org/packages/e7/00/3fca040d7cf8a32776d3d81a00c8ee7457e00f80c649f1e4a863c8321ae9/uri_template-1.3.0-py3-none-any.whl#sha256=a44a133ea12d44a0c0f06d7d42a52d71282e77e2f937d8abd5655b8d56fc1363
# pip watchdog @ https://files.pythonhosted.org/packages/a9/c7/ca4bf3e518cb57a686b2feb4f55a1892fd9a3dd13f470fca14e00f80ea36/watchdog-6.0.0-py3-none-manylinux2014_aarch64.whl#sha256=7607498efa04a3542ae3e05e64da8202e58159aa1fa4acddf7678d34a35d4f13
# pip wcwidth @ https://files.pythonhosted.org/packages/af/b5/123f13c975e9f27ab9c0770f514345bd406d0e8d3b7a0723af9d43f710af/wcwidth-0.2.14-py2.py3-none-any.whl#sha256=a7bb560c8aee30f9957e5f9895805edd20602f2d7f720186dfd906e82b4982e1
# pip webcolors @ https://files.pythonhosted.org/packages/60/e8/c0e05e4684d13459f93d312077a9a2efbe04d59c393bc2b8802248c908d4/webcolors-24.11.1-py3-none-any.whl#sha256=515291393b4cdf0eb19c155749a096f779f7d909f7cceea072791cb9095b92e9
# pip webencodings @ https://files.pythonhosted.org/packages/f4/24/2a3e3df732393fed8b3ebf2ec078f05546de641fe1b667ee316ec1dcf3b7/webencodings-0.5.1-py2.py3-none-any.whl#sha256=a0af1213f3c2226497a97e2b3aa01a7e4bee4f403f95be16fc9acd2947514a78
# pip websocket-client @ https://files.pythonhosted.org/packages/34/db/b10e48aa8fff7407e67470363eac595018441cf32d5e1001567a7aeba5d2/websocket_client-1.9.0-py3-none-any.whl#sha256=af248a825037ef591efbf6ed20cc5faa03d3b47b9e5a2230a529eeee1c1fc3ef
# pip websockets @ https://files.pythonhosted.org/packages/a6/02/0073b3952f5bce97eafbb35757f8d0d54812b6174ed8dd952aa08429bcc3/websockets-15.0.1-cp312-cp312-manylinux_2_17_aarch64.manylinux2014_aarch64.whl#sha256=e8b56bdcdb4505c8078cb6c7157d9811a85790f2f2b3632c7d1462ab5783d215
# pip widgetsnbextension @ https://files.pythonhosted.org/packages/ca/51/5447876806d1088a0f8f71e16542bf350918128d0a69437df26047c8e46f/widgetsnbextension-4.0.14-py3-none-any.whl#sha256=4875a9eaf72fbf5079dc372a51a9f268fc38d46f767cbf85c43a36da5cb9b575
# pip anyio @ https://files.pythonhosted.org/packages/15/b3/9b1a8074496371342ec1e796a96f99c82c945a339cd81a8e73de28b4cf9e/anyio-4.11.0-py3-none-any.whl#sha256=0287e96f4d26d4149305414d4e3bc32f0dcd0862365a4bddea19d7a1ec38c4fc
# pip argon2-cffi-bindings @ https://files.pythonhosted.org/packages/c1/93/44365f3d75053e53893ec6d733e4a5e3147502663554b4d864587c7828a7/argon2_cffi_bindings-25.1.0-cp39-abi3-manylinux_2_26_aarch64.manylinux_2_28_aarch64.whl#sha256=1e021e87faa76ae0d413b619fe2b65ab9a037f24c60a1e6cc43457ae20de6dc6
# pip beautifulsoup4 @ https://files.pythonhosted.org/packages/94/fe/3aed5d0be4d404d12d36ab97e2f1791424d9ca39c2f754a6285d59a3b01d/beautifulsoup4-4.14.2-py3-none-any.whl#sha256=5ef6fa3a8cbece8488d66985560f97ed091e22bbc4e9c2338508a9d5de6d4515
# pip contourpy @ https://files.pythonhosted.org/packages/d4/1c/a12359b9b2ca3a845e8f7f9ac08bdf776114eb931392fcad91743e2ea17b/contourpy-1.3.3-cp312-cp312-manylinux_2_26_aarch64.manylinux_2_28_aarch64.whl#sha256=92d9abc807cf7d0e047b95ca5d957cf4792fcd04e920ca70d48add15c1a90ea7
# pip gitdb @ https://files.pythonhosted.org/packages/a0/61/5c78b91c3143ed5c14207f463aecfc8f9dbb5092fb2869baf37c273b2705/gitdb-4.0.12-py3-none-any.whl#sha256=67073e15955400952c6565cc3e707c554a4eea2e428946f7a4c162fab9bd9bcf
# pip httpcore @ https://files.pythonhosted.org/packages/7e/f5/f66802a942d491edb555dd61e3a9961140fd64c90bce1eafd741609d334d/httpcore-1.0.9-py3-none-any.whl#sha256=2d400746a40668fc9dec9810239072b40b4484b640a8c38fd654a024c7a1bf55
# pip ipython-pygments-lexers @ https://files.pythonhosted.org/packages/d9/33/1f075bf72b0b747cb3288d011319aaf64083cf2efef8354174e3ed4540e2/ipython_pygments_lexers-1.1.1-py3-none-any.whl#sha256=a9462224a505ade19a605f71f8fa63c2048833ce50abc86768a0d81d876dc81c
# pip jedi @ https://files.pythonhosted.org/packages/c0/5a/9cac0c82afec3d09ccd97c8b6502d48f165f9124db81b4bcb90b4af974ee/jedi-0.19.2-py2.py3-none-any.whl#sha256=a8ef22bde8490f57fe5c7681a3c83cb58874daf72b4784de3cce5b6ef6edb5b9
# pip jinja2 @ https://files.pythonhosted.org/packages/62/a1/3d680cbfd5f4b8f15abc1d571870c5fc3e594bb582bc3b64ea099db13e56/jinja2-3.1.6-py3-none-any.whl#sha256=85ece4451f492d0c13c5dd7c13a64681a86afae63a5f347908daf103ce6d2f67
# pip jupyter-core @ https://files.pythonhosted.org/packages/2f/57/6bffd4b20b88da3800c5d691e0337761576ee688eb01299eae865689d2df/jupyter_core-5.8.1-py3-none-any.whl#sha256=c28d268fc90fb53f1338ded2eb410704c5449a358406e8a948b75706e24863d0
# pip matplotlib-inline @ https://files.pythonhosted.org/packages/8f/8e/9ad090d3553c280a8060fbf6e24dc1c0c29704ee7d1c372f0c174aa59285/matplotlib_inline-0.1.7-py3-none-any.whl#sha256=df192d39a4ff8f21b1895d72e6a13f5fcc5099f00fa84384e0ea28c2cc0653ca
# pip openpyxl @ https://files.pythonhosted.org/packages/c0/da/977ded879c29cbd04de313843e76868e6e13408a94ed6b987245dc7c8506/openpyxl-3.1.5-py2.py3-none-any.whl#sha256=5282c12b107bffeef825f4617dc029afaf41d0ea60823bbb665ef3079dc79de2
# pip pexpect @ https://files.pythonhosted.org/packages/9e/c3/059298687310d527a58bb01f3b1965787ee3b40dce76752eda8b44e9a2c5/pexpect-4.9.0-py2.py3-none-any.whl#sha256=7236d1e080e4936be2dc3e326cec0af72acf9212a7e1d060210e70a47e253523
# pip plotly @ https://files.pythonhosted.org/packages/e5/ae/580600f441f6fc05218bd6c9d5794f4aef072a7d9093b291f1c50a9db8bc/plotly-5.24.1-py3-none-any.whl#sha256=f67073a1e637eb0dc3e46324d9d51e2fe76e9727c892dde64ddf1e1b51f29089
# pip prompt-toolkit @ https://files.pythonhosted.org/packages/84/03/0d3ce49e2505ae70cf43bc5bb3033955d2fc9f932163e84dc0779cc47f48/prompt_toolkit-3.0.52-py3-none-any.whl#sha256=9aac639a3bbd33284347de5ad8d68ecc044b91a762dc39b7c21095fcd6a19955
# pip pyasn1-modules @ https://files.pythonhosted.org/packages/47/8d/d529b5d697919ba8c11ad626e835d4039be708a35b0d22de83a269a6682c/pyasn1_modules-0.4.2-py3-none-any.whl#sha256=29253a9207ce32b64c3ac6600edc75368f98473906e8fd1043bd6b5b1de2c14a
# pip pydantic-core @ https://files.pythonhosted.org/packages/1e/63/4d948f1b9dd8e991a5a98b77dd66c74641f5f2e5225fee37994b2e07d391/pydantic_core-2.41.4-cp312-cp312-manylinux_2_17_aarch64.manylinux2014_aarch64.whl#sha256=304c54176af2c143bd181d82e77c15c41cbacea8872a2225dd37e6544dce9999
# pip python-dateutil @ https://files.pythonhosted.org/packages/ec/57/56b9bcc3c9c6a792fcbaf139543cee77261f3651ca9da0c93f5c1221264b/python_dateutil-2.9.0.post0-py2.py3-none-any.whl#sha256=a8b2bc7bffae282281c8140a97d3aa9c14da0b136dfe83f850eea9a5f7470427
# pip pyzmq @ https://files.pythonhosted.org/packages/f8/e5/b0b2504cb4e903a74dcf1ebae157f9e20ebb6ea76095f6cfffea28c42ecd/pyzmq-27.1.0-cp312-abi3-manylinux_2_26_aarch64.manylinux_2_28_aarch64.whl#sha256=3837439b7f99e60312f0c926a6ad437b067356dc2bc2ec96eb395fd0fe804233
# pip referencing @ https://files.pythonhosted.org/packages/2c/58/ca301544e1fa93ed4f80d724bf5b194f6e4b945841c5bfd555878eea9fcb/referencing-0.37.0-py3-none-any.whl#sha256=381329a9f99628c9069361716891d34ad94af76e461dcb0335825aecc7692231
# pip rfc3339-validator @ https://files.pythonhosted.org/packages/7b/44/4e421b96b67b2daff264473f7465db72fbdf36a07e05494f50300cc7b0c6/rfc3339_validator-0.1.4-py2.py3-none-any.whl#sha256=24f6ec1eda14ef823da9e36ec7113124b39c04d50a4d3d3a3c2859577e7791fa
# pip rfc3987-syntax @ https://files.pythonhosted.org/packages/7e/71/44ce230e1b7fadd372515a97e32a83011f906ddded8d03e3c6aafbdedbb7/rfc3987_syntax-1.1.0-py3-none-any.whl#sha256=6c3d97604e4c5ce9f714898e05401a0445a641cfa276432b0a648c80856f6a3f
# pip rsa @ https://files.pythonhosted.org/packages/64/8d/0133e4eb4beed9e425d9a98ed6e081a55d195481b7632472be1af08d2f6b/rsa-4.9.1-py3-none-any.whl#sha256=68635866661c6836b8d39430f97a996acbd61bfa49406748ea243539fe239762
# pip sqlalchemy @ https://files.pythonhosted.org/packages/d8/d5/2ebbabe0379418eda8041c06b0b551f213576bfe4c2f09d77c06c07c8cc5/sqlalchemy-2.0.44-cp312-cp312-manylinux_2_17_aarch64.manylinux2014_aarch64.whl#sha256=9b94843a102efa9ac68a7a30cd46df3ff1ed9c658100d30a725d10d9c60a2f44
# pip stack-data @ https://files.pythonhosted.org/packages/f1/7b/ce1eafaf1a76852e2ec9b22edecf1daa58175c090266e9f6c64afcd81d91/stack_data-0.6.3-py3-none-any.whl#sha256=d5558e0c25a4cb0853cddad3d77da9891a08cb85dd9f9f91b9f8cd66e511e695
# pip terminado @ https://files.pythonhosted.org/packages/6a/9e/2064975477fdc887e47ad42157e214526dcad8f317a948dee17e1659a62f/terminado-0.18.1-py3-none-any.whl#sha256=a4468e1b37bb318f8a86514f65814e1afc977cf29b3992a4500d9dd305dcceb0
# pip tinycss2 @ https://files.pythonhosted.org/packages/e6/34/ebdc18bae6aa14fbee1a08b63c015c72b64868ff7dae68808ab500c492e2/tinycss2-1.4.0-py3-none-any.whl#sha256=3a49cf47b7675da0b15d0c6e1df8df4ebd96e9394bb905a5775adb0d884c5289
# pip typing-inspection @ https://files.pythonhosted.org/packages/dc/9b/47798a6c91d8bdb567fe2698fe81e0c6b7cb7ef4d13da4114b41d239f65d/typing_inspection-0.4.2-py3-none-any.whl#sha256=4ed1cacbdc298c220f1bd249ed5287caa16f34d44ef4e9c3d0cbad5b521545e7
# pip yarg @ https://files.pythonhosted.org/packages/6c/98/63ca46066218f5438e47db7149a515b80b77bdeb30e3644da6221dac43dc/yarg-0.1.10-py2.py3-none-any.whl#sha256=4413145825e5d0e8b370754b3e829cf7c95ab0131dbc29fb5b52a8e27e1b7234
# pip analytics-python @ https://files.pythonhosted.org/packages/67/84/d41972eeddd7299bd2e2246a9be78abba46f2d255c0c435c64748cd99088/analytics_python-1.4.post1-py2.py3-none-any.whl#sha256=33ab660150d0f37bb2fefc93fd19c9e7bd85e5b17db44df5e7e1139f63c14246
# pip argon2-cffi @ https://files.pythonhosted.org/packages/4f/d3/a8b22fa575b297cd6e3e3b0155c7e25db170edf1c74783d6a31a2490b8d9/argon2_cffi-25.1.0-py3-none-any.whl#sha256=fdc8b074db390fccb6eb4a3604ae7231f219aa669a2652e0f20e16ba513d5741
# pip arrow @ https://files.pythonhosted.org/packages/f8/ed/e97229a566617f2ae958a6b13e7cc0f585470eac730a73e9e82c32a3cdd2/arrow-1.3.0-py3-none-any.whl#sha256=c728b120ebc00eb84e01882a6f5e7927a53960aa990ce7dd2b10f39005a67f80
# pip bleach @ https://files.pythonhosted.org/packages/fc/55/96142937f66150805c25c4d0f31ee4132fd33497753400734f9dfdcbdc66/bleach-6.2.0-py3-none-any.whl#sha256=117d9c6097a7c3d22fd578fcd8d35ff1e125df6736f554da4e432fdd63f31e5e
# pip gitpython @ https://files.pythonhosted.org/packages/01/61/d4b89fec821f72385526e1b9d9a3a0385dda4a72b206d28049e2c7cd39b8/gitpython-3.1.45-py3-none-any.whl#sha256=8908cb2e02fb3b93b7eb0f2827125cb699869470432cc885f019b8fd0fccff77
# pip google-auth @ https://files.pythonhosted.org/packages/be/a4/7319a2a8add4cc352be9e3efeff5e2aacee917c85ca2fa1647e29089983c/google_auth-2.41.1-py2.py3-none-any.whl#sha256=754843be95575b9a19c604a848a41be03f7f2afd8c019f716dc1f51ee41c639d
# pip httpx @ https://files.pythonhosted.org/packages/2a/39/e50c7c3a983047577ee07d2a9e53faf5a69493943ec3f6a384bdc792deb2/httpx-0.28.1-py3-none-any.whl#sha256=d909fcccc110f8c7faf814ca82a9a4d816bc5a6dbfea25d6591d6985b8ba59ad
# pip ipython @ https://files.pythonhosted.org/packages/48/c5/d5e07995077e48220269c28a221e168c91123ad5ceee44d548f54a057fc0/ipython-9.6.0-py3-none-any.whl#sha256=5f77efafc886d2f023442479b8149e7d86547ad0a979e9da9f045d252f648196
# pip jsonschema-specifications @ https://files.pythonhosted.org/packages/41/45/1a4ed80516f02155c51f51e8cedb3c1902296743db0bbc66608a0db2814f/jsonschema_specifications-2025.9.1-py3-none-any.whl#sha256=98802fee3a11ee76ecaca44429fda8a41bff98b00a0f2838151b113f210cc6fe
# pip jupyter-client @ https://files.pythonhosted.org/packages/11/85/b0394e0b6fcccd2c1eeefc230978a6f8cb0c5df1e4cd3e7625735a0d7d1e/jupyter_client-8.6.3-py3-none-any.whl#sha256=e8a19cc986cc45905ac3362915f410f3af85424b4c0905e94fa5f2cb08e8f23f
# pip jupyter-server-terminals @ https://files.pythonhosted.org/packages/07/2d/2b32cdbe8d2a602f697a649798554e4f072115438e92249624e532e8aca6/jupyter_server_terminals-0.5.3-py3-none-any.whl#sha256=41ee0d7dc0ebf2809c668e0fc726dfaf258fcd3e769568996ca731b6194ae9aa
# pip matplotlib @ https://files.pythonhosted.org/packages/5b/bd/c404502aa1824456d2862dd6b9b0c1917761a51a32f7f83ff8cf94b6d117/matplotlib-3.9.2-cp312-cp312-manylinux_2_17_aarch64.manylinux2014_aarch64.whl#sha256=bf81de2926c2db243c9b2cbc3917619a0fc85796c6ba4e58f541df814bbf83c7
# pip pandas @ https://files.pythonhosted.org/packages/57/56/cf2dbe1a3f5271370669475ead12ce77c61726ffd19a35546e31aa8edf4e/pandas-2.3.3-cp312-cp312-manylinux_2_24_aarch64.manylinux_2_28_aarch64.whl#sha256=ecaf1e12bdc03c86ad4a7ea848d66c685cb6851d807a26aa245ca3d2017a1908
# pip pipreqs @ https://files.pythonhosted.org/packages/d9/ea/74c89d786cf3403bfbf8fb70142fdf501af9517d0bb8c1acce3ee5ab613e/pipreqs-0.4.13-py2.py3-none-any.whl#sha256=e522b9ed54aa3e8b7978ff251ab7a9af2f75d2cd8de4c102e881b666a79a308e
# pip pydantic @ https://files.pythonhosted.org/packages/6c/98/468cb649f208a6f1279448e6e5247b37ae79cf5e4041186f1e2ef3d16345/pydantic-2.12.2-py3-none-any.whl#sha256=25ff718ee909acd82f1ff9b1a4acfd781bb23ab3739adaa7144f19a6a4e231ae
# pip pydeck @ https://files.pythonhosted.org/packages/ab/4c/b888e6cf58bd9db9c93f40d1c6be8283ff49d88919231afe93a6bcf61626/pydeck-0.9.1-py2.py3-none-any.whl#sha256=b3f75ba0d273fc917094fa61224f3f6076ca8752b93d46faf3bcfd9f9d59b038
# pip anthropic @ https://files.pythonhosted.org/packages/a3/81/da287ba25b9f8a16d27e822b3f2dad6ddf005fba3e3696f5dce818383850/anthropic-0.70.0-py3-none-any.whl#sha256=fa7d0dee6f2b871faa7cd0b77f6047e8006d5863618804204cf34b1b95819971
# pip google-genai @ https://files.pythonhosted.org/packages/dc/4d/1f64941ec95c004c290db6287c1e8a0906ed00a0656075ad705cecb12e7d/google_genai-1.44.0-py3-none-any.whl#sha256=4732ffd56e5f7c89f2440e0baf9a78b91b01a2a22db1b451a60b4417b3bcfd74
# pip ipykernel @ https://files.pythonhosted.org/packages/b8/f7/761037905ffdec673533bfa43af8d4c31c859c778dfc3bbb71899875ec18/ipykernel-7.0.1-py3-none-any.whl#sha256=87182a8305e28954b6721087dec45b171712610111d494c17bb607befa1c4000
# pip ipywidgets @ https://files.pythonhosted.org/packages/58/6a/9166369a2f092bd286d24e6307de555d63616e8ddb373ebad2b5635ca4cd/ipywidgets-8.1.7-py3-none-any.whl#sha256=764f2602d25471c213919b8a1997df04bef869251db4ca8efba1b76b1bd9f7bb
# pip isoduration @ https://files.pythonhosted.org/packages/7b/55/e5326141505c5d5e34c5e0935d2908a74e4561eca44108fbfb9c13d2911a/isoduration-20.11.0-py3-none-any.whl#sha256=b2904c2a4228c3d44f409c8ae8e2370eb21a26f7ac2ec5446df141dde3452042
# pip openai @ https://files.pythonhosted.org/packages/9c/5b/4be258ff072ed8ee15f6bfd8d5a1a4618aa4704b127c0c5959212ad177d6/openai-2.3.0-py3-none-any.whl#sha256=a7aa83be6f7b0ab2e4d4d7bcaf36e3d790874c0167380c5d0afd0ed99a86bd7b
# pip ipympl @ https://files.pythonhosted.org/packages/b2/6e/9148bfed8ca535e4c61ce7843327c76ec7c63c40e33848ec03aa844a26af/ipympl-0.9.8-py3-none-any.whl#sha256=4a03612f77d92c9e2160c9e0d2a80b277e30387126399088f780dba9622247be
# pip jsonschema @ https://files.pythonhosted.org/packages/bf/9c/8c95d856233c1f82500c2450b8c68576b4cf1c871db3afac5c34ff84e6fd/jsonschema-4.25.1-py3-none-any.whl#sha256=3fba0169e345c7175110351d456342c364814cfcf3b964ba4587f22915230a63
# pip altair @ https://files.pythonhosted.org/packages/aa/f3/0b6ced594e51cc95d8c1fc1640d3623770d01e4969d29c0bd09945fafefa/altair-5.5.0-py3-none-any.whl#sha256=91a310b926508d560fe0148d02a194f38b824122641ef528113d029fcd129f8c
# pip jupyter-events @ https://files.pythonhosted.org/packages/e2/48/577993f1f99c552f18a0428731a755e06171f9902fa118c379eb7c04ea22/jupyter_events-0.12.0-py3-none-any.whl#sha256=6464b2fa5ad10451c3d35fabc75eab39556ae1e2853ad0c0cc31b656731a97fb
# pip nbformat @ https://files.pythonhosted.org/packages/a9/82/0340caa499416c78e5d8f5f05947ae4bc3cba53c9f038ab6e9ed964e22f1/nbformat-5.10.4-py3-none-any.whl#sha256=3b48d6c8fbca4b299bf3982ea7db1af21580e4fec269ad087b9e81588891200b
# pip nbclient @ https://files.pythonhosted.org/packages/34/6d/e7fa07f03a4a7b221d94b4d586edb754a9b0dc3c9e2c93353e9fa4e0d117/nbclient-0.10.2-py3-none-any.whl#sha256=4ffee11e788b4a27fabeb7955547e4318a5298f34342a4bfd01f2e1faaeadc3d
# pip streamlit @ https://files.pythonhosted.org/packages/2a/38/991bbf9fa3ed3d9c8e69265fc449bdaade8131c7f0f750dbd388c3c477dc/streamlit-1.50.0-py3-none-any.whl#sha256=9403b8f94c0a89f80cf679c2fcc803d9a6951e0fba542e7611995de3f67b4bb3
# pip nbconvert @ https://files.pythonhosted.org/packages/cc/9a/cd673b2f773a12c992f41309ef81b99da1690426bd2f96957a7ade0d3ed7/nbconvert-7.16.6-py3-none-any.whl#sha256=1375a7b67e0c2883678c48e506dc320febb57685e5ee67faa51b18a90f3a712b
# pip jupyter-server @ https://files.pythonhosted.org/packages/92/80/a24767e6ca280f5a49525d987bf3e4d7552bf67c8be07e8ccf20271f8568/jupyter_server-2.17.0-py3-none-any.whl#sha256=e8cb9c7db4251f51ed307e329b81b72ccf2056ff82d50524debde1ee1870e13f
# pip jupyter-lsp @ https://files.pythonhosted.org/packages/1a/60/1f6cee0c46263de1173894f0fafcb3475ded276c472c14d25e0280c18d6d/jupyter_lsp-2.3.0-py3-none-any.whl#sha256=e914a3cb2addf48b1c7710914771aaf1819d46b2e5a79b0f917b5478ec93f34f
# pip jupyterlab-server @ https://files.pythonhosted.org/packages/54/09/2032e7d15c544a0e3cd831c51d77a8ca57f7555b2e1b2922142eddb02a84/jupyterlab_server-2.27.3-py3-none-any.whl#sha256=e697488f66c3db49df675158a77b3b017520d772c6e1548c7d9bcc5df7944ee4
# pip notebook-shim @ https://files.pythonhosted.org/packages/f9/33/bd5b9137445ea4b680023eb0469b2bb969d61303dedb2aac6560ff3d14a1/notebook_shim-0.2.4-py3-none-any.whl#sha256=411a5be4e9dc882a074ccbcae671eda64cceb068767e9a3419096986560e1cef
# pip jupyterlab @ https://files.pythonhosted.org/packages/53/38/6182d63f39428821e705e86fba61704fc69769a24ca5a9578c2c04986c9a/jupyterlab-4.4.6-py3-none-any.whl#sha256=e877e930f46dde2e3ee9da36a935c6cd4fdb15aa7440519d0fde696f9fadb833
# pip mito-ai @ https://files.pythonhosted.org/packages/eb/b9/fc1a7a89e2f51f65180eb56a74c9319c74bda9378d6a628b04eb49b80d6d/mito_ai-0.1.47-py3-none-any.whl#sha256=dfe10d42e1e41ddd619dcd975965b92d600c96111083c2e900221c4e765fba5f
# pip mitosheet @ https://files.pythonhosted.org/packages/1b/ed/eb6f574649099db67cdd5663875b73ff50b3b837e83ac2cb0e5741b7f07b/mitosheet-0.2.47-py2.py3-none-any.whl#sha256=bf2c30eca23b43022d5a7f19dcf9198d18592d5e517f2f4fff8918d210269d5d
