# Generated by conda-lock.
# platform: win-64
# input_hash: 18722005d04ec5a7c3a6fc77a5162f81b5b754ad13659bbdde6cb6c4fbef6e64
@EXPLICIT
https://conda.anaconda.org/conda-forge/noarch/nlohmann_json-abi-3.12.0-h0f90c79_1.conda#59659d0213082bc13be8500bab80c002
https://conda.anaconda.org/conda-forge/noarch/pybind11-abi-4-hd8ed1ab_3.tar.bz2#878f923dd6acc8aeb47a75da6c4098be
https://conda.anaconda.org/conda-forge/noarch/python_abi-3.12-8_cp312.conda#c3efd25ac4d74b1584d2f7a57195ddf1
https://conda.anaconda.org/conda-forge/noarch/tzdata-2025b-h78e105d_0.conda#4222072737ccff51314b5ece9c7d6f5a
https://conda.anaconda.org/conda-forge/win-64/ucrt-10.0.26100.0-h57928b3_0.conda#71b24316859acd00bdb8b38f5e2ce328
https://conda.anaconda.org/conda-forge/noarch/ca-certificates-2025.11.12-h4c7d964_0.conda#f98fb7db808b94bc1ec5b0e62f9f1069
https://conda.anaconda.org/conda-forge/win-64/vcomp14-14.44.35208-h818238b_32.conda#58f67b437acbf2764317ba273d731f1d
https://conda.anaconda.org/conda-forge/win-64/vc14_runtime-14.44.35208-h818238b_32.conda#378d5dcec45eaea8d303da6f00447ac0
https://conda.anaconda.org/conda-forge/win-64/vc-14.3-h2b53caa_32.conda#ef02bbe151253a72b8eda264a935db66
https://conda.anaconda.org/conda-forge/win-64/bzip2-1.0.8-h0ad9c76_8.conda#1077e9333c41ff0be8edd1a5ec0ddace
https://conda.anaconda.org/conda-forge/win-64/cpp-expected-1.3.1-h477610d_0.conda#444e9f7d9b3f69006c3af5db59e11364
https://conda.anaconda.org/conda-forge/win-64/fmt-12.0.0-h29169d4_0.conda#538a2d266f27a80a351f15873c3e0de7
https://conda.anaconda.org/conda-forge/win-64/libexpat-2.7.1-hac47afa_0.conda#3608ffde260281fa641e70d6e34b1b96
https://conda.anaconda.org/conda-forge/win-64/libffi-3.5.2-h52bdfb6_0.conda#ba4ad812d2afc22b9a34ce8327a0930f
https://conda.anaconda.org/conda-forge/win-64/libiconv-1.18-hc1393d2_2.conda#64571d1dd6cdcfa25d0664a5950fdaa2
https://conda.anaconda.org/conda-forge/win-64/liblzma-5.8.1-h2466b09_2.conda#c15148b2e18da456f5108ccb5e411446
https://conda.anaconda.org/conda-forge/win-64/libsqlite-3.51.0-hf5d6505_0.conda#d2c9300ebd2848862929b18c264d1b1e
https://conda.anaconda.org/conda-forge/win-64/libzlib-1.3.1-h2466b09_2.conda#41fbfac52c601159df6c01f875de31b9
https://conda.anaconda.org/conda-forge/win-64/lz4-c-1.10.0-h2466b09_1.conda#0b69331897a92fac3d8923549d48d092
https://conda.anaconda.org/conda-forge/win-64/lzo-2.10-h6a83c73_1002.conda#c5cb4159f0eea65663b31dd1e49bbb71
https://conda.anaconda.org/conda-forge/win-64/openssl-3.6.0-h725018a_0.conda#84f8fb4afd1157f59098f618cd2437e4
https://conda.anaconda.org/conda-forge/win-64/reproc-14.2.5.post0-h2466b09_0.conda#c3ca4c18c99a3b9832e11b11af227713
https://conda.anaconda.org/conda-forge/win-64/simdjson-4.0.7-h49e36cd_0.conda#575eb71ecf0cf5fcf26ee0237094058f
https://conda.anaconda.org/conda-forge/win-64/tk-8.6.13-h2c6b04d_3.conda#7cb36e506a7dba4817970f8adb6396f9
https://conda.anaconda.org/conda-forge/win-64/uv-0.9.9-h3bd95fe_0.conda#14d4520f123e40ea6725c52e5f473f95
https://conda.anaconda.org/conda-forge/win-64/yaml-cpp-0.8.0-he0c23c2_0.conda#9bb5064a9fca5ca8e7d7f1ae677354b6
https://conda.anaconda.org/conda-forge/win-64/krb5-1.21.3-hdf4eb48_0.conda#31aec030344e962fbd7dbbbbd68e60a9
https://conda.anaconda.org/conda-forge/win-64/libsolv-0.7.35-h8883371_0.conda#987be7025314bcfe936de3f0e91082b5
https://conda.anaconda.org/conda-forge/win-64/libssh2-1.11.1-h9aa295b_0.conda#9dce2f112bfd3400f4f432b3d0ac07b2
https://conda.anaconda.org/conda-forge/win-64/libxml2-16-2.15.1-h692994f_0.conda#70ca4626111579c3cd63a7108fe737f9
https://conda.anaconda.org/conda-forge/win-64/python-3.12.12-h0159041_1_cpython.conda#42ae551e4c15837a582bea63412dc0b4
https://conda.anaconda.org/conda-forge/win-64/reproc-cpp-14.2.5.post0-he0c23c2_0.conda#d2ce31fa746dddeb37f24f32da0969e9
https://conda.anaconda.org/conda-forge/win-64/zstd-1.5.7-hbeecb71_2.conda#21f56217d6125fb30c3c3f10c786d751
https://conda.anaconda.org/conda-forge/noarch/archspec-0.2.5-pyhd8ed1ab_0.conda#845b38297fca2f2d18a29748e2ece7fa
https://conda.anaconda.org/conda-forge/noarch/boltons-25.0.0-pyhd8ed1ab_0.conda#c7eb87af73750d6fd97eff8bbee8cb9c
https://conda.anaconda.org/conda-forge/win-64/brotli-python-1.2.0-py312h9d5906e_0.conda#33b94eb79455950e69771bdd22db2988
https://conda.anaconda.org/conda-forge/noarch/certifi-2025.11.12-pyhd8ed1ab_0.conda#96a02a5c1a65470a7e4eedb644c872fd
https://conda.anaconda.org/conda-forge/noarch/charset-normalizer-3.4.4-pyhd8ed1ab_0.conda#a22d1fd9bf98827e280a02875d9a007a
https://conda.anaconda.org/conda-forge/noarch/colorama-0.4.6-pyhd8ed1ab_1.conda#962b9857ee8e7018c22f2776ffa0b2d7
https://conda.anaconda.org/conda-forge/noarch/distro-1.9.0-pyhd8ed1ab_1.conda#0a2014fd9860f8b1eaa0b1f3d3771a08
https://conda.anaconda.org/conda-forge/win-64/frozendict-2.4.7-py312he06e257_0.conda#0056e06ec49ff6544766b5f67a85eca5
https://conda.anaconda.org/conda-forge/noarch/hpack-4.1.0-pyhd8ed1ab_0.conda#0a802cb9888dd14eeefc611f05c40b6e
https://conda.anaconda.org/conda-forge/noarch/hyperframe-6.1.0-pyhd8ed1ab_0.conda#8e6923fc12f1fe8f8c4e5c9f343256ac
https://conda.anaconda.org/conda-forge/noarch/idna-3.11-pyhd8ed1ab_0.conda#53abe63df7e10a6ba605dc5f9f961d36
https://conda.anaconda.org/conda-forge/win-64/jsonpointer-3.0.0-py312h2e8e312_2.conda#fc28e1f2ded45c9213cc9470600a1a2b
https://conda.anaconda.org/conda-forge/win-64/libcurl-8.17.0-h43ecb02_0.conda#cfade9be135edb796837e7d4c288c0fb
https://conda.anaconda.org/conda-forge/win-64/libxml2-2.15.1-h5d26750_0.conda#9176ee05643a1bfe7f2e7b4c921d2c3d
https://conda.anaconda.org/conda-forge/win-64/menuinst-2.4.1-py312hbb81ca0_0.conda#9a53304e4ffbac42a50f5ad70b635169
https://conda.anaconda.org/conda-forge/noarch/packaging-25.0-pyh29332c3_1.conda#58335b26c38bf4a20f399384c33cbcf9
https://conda.anaconda.org/conda-forge/noarch/platformdirs-4.5.0-pyhcf101f3_0.conda#5c7a868f8241e64e1cf5fdf4962f23e2
https://conda.anaconda.org/conda-forge/noarch/pluggy-1.6.0-pyhd8ed1ab_0.conda#7da7ccd349dbf6487a7778579d2bb971
https://conda.anaconda.org/conda-forge/win-64/pycosat-0.6.6-py312he06e257_3.conda#5cce886803814683a038c5a7bbef28e0
https://conda.anaconda.org/conda-forge/noarch/pycparser-2.22-pyh29332c3_1.conda#12c566707c80111f9799308d9e265aef
https://conda.anaconda.org/conda-forge/win-64/ruamel.yaml.clib-0.2.14-py312he06e257_0.conda#02fb42bfd610f084377b05ec5bf25a18
https://conda.anaconda.org/conda-forge/noarch/setuptools-80.9.0-pyhff2d567_0.conda#4de79c071274a53dcaf2a8c749d1499e
https://conda.anaconda.org/conda-forge/noarch/truststore-0.10.3-pyhe01879c_0.conda#15afca3bec34c3ecbeb2028f81a51772
https://conda.anaconda.org/conda-forge/noarch/wheel-0.45.1-pyhd8ed1ab_1.conda#75cb7132eb58d97896e173ef12ac9986
https://conda.anaconda.org/conda-forge/noarch/win_inet_pton-1.1.0-pyh7428d3b_8.conda#46e441ba871f524e2b067929da3051c2
https://conda.anaconda.org/conda-forge/win-64/cffi-2.0.0-py312he06e257_1.conda#46f7dccfee37a52a97c0ed6f33fcf0a3
https://conda.anaconda.org/conda-forge/noarch/h2-4.3.0-pyhcf101f3_0.conda#164fc43f0b53b6e3a7bc7dce5e4f1dc9
https://conda.anaconda.org/conda-forge/noarch/jsonpatch-1.33-pyhd8ed1ab_1.conda#cb60ae9cf02b9fcb8004dec4089e5691
https://conda.anaconda.org/conda-forge/win-64/libarchive-3.8.2-gpl_h26aea39_100.conda#ce09b133aaadd32f18a809260ac5c2c8
https://conda.anaconda.org/conda-forge/noarch/pip-25.3-pyh8b19718_0.conda#c55515ca43c6444d2572e0f0d93cb6b9
https://conda.anaconda.org/conda-forge/noarch/pysocks-1.7.1-pyh09c184e_7.conda#e2fd202833c4a981ce8a65974fe4abd1
https://conda.anaconda.org/conda-forge/win-64/ruamel.yaml-0.18.16-py312he06e257_0.conda#3ab6caf3d95accaa8deec1e854397dfb
https://conda.anaconda.org/conda-forge/noarch/tqdm-4.67.1-pyhd8ed1ab_1.conda#9efbfdc37242619130ea42b1cc4ed861
https://conda.anaconda.org/conda-forge/win-64/libmamba-2.3.3-h5fbfb43_1.conda#8fec357a87b474ae290437f11ac301eb
https://conda.anaconda.org/conda-forge/win-64/zstandard-0.25.0-py312he5662c2_1.conda#e9e25949b682e95535068bae33153ba6
https://conda.anaconda.org/conda-forge/noarch/conda-package-streaming-0.12.0-pyhd8ed1ab_0.conda#ff75d06af779966a5aeae1be1d409b96
https://conda.anaconda.org/conda-forge/win-64/libmambapy-2.3.3-py312hc175272_1.conda#6ab4e57dd62dda848910f361718b01b8
https://conda.anaconda.org/conda-forge/noarch/urllib3-2.5.0-pyhd8ed1ab_0.conda#436c165519e140cb08d246a4472a9d6a
https://conda.anaconda.org/conda-forge/noarch/requests-2.32.5-pyhd8ed1ab_0.conda#db0c6b99149880c8ba515cf4abe93ee4
https://conda.anaconda.org/conda-forge/noarch/conda-package-handling-2.4.0-pyh7900ff3_2.conda#32c158f481b4fd7630c565030f7bc482
https://conda.anaconda.org/conda-forge/win-64/conda-25.9.1-py312h2e8e312_0.conda#9761c6b0b87b828d9fcb76ef3367d098
https://conda.anaconda.org/conda-forge/noarch/conda-libmamba-solver-25.4.0-pyhd8ed1ab_0.conda#d62b8f745ff471d5594ad73605cb9b59
